
Microsoft Visual Studio Solution File, Format Version 12.00
# Visual Studio Version 16
VisualStudioVersion = 16.0.29503.13
MinimumVisualStudioVersion = 10.0.40219.1
Project("{FAE04EC0-301F-11D3-BF4B-00C04F79EFBC}") = "01.ActionPrint", "01.ActionPrint\01.ActionPrint.csproj", "{FC2E1273-3385-480F-8C64-8DA6CD2720ED}"
EndProject
Project("{FAE04EC0-301F-11D3-BF4B-00C04F79EFBC}") = "02.KnightsOfHonor", "02.KnightsOfHonor\02.KnightsOfHonor.csproj", "{98FD81F0-FB9E-4EC8-95CB-28640680ED0B}"
EndProject
Project("{FAE04EC0-301F-11D3-BF4B-00C04F79EFBC}") = "03.CustomMinFunction", "03.CustomMinFunction\03.CustomMinFunction.csproj", "{5DFCA7C5-684F-4364-96B9-5530B9B05A2E}"
EndProject
Project("{FAE04EC0-301F-11D3-BF4B-00C04F79EFBC}") = "04.FindEvensOrOdds", "04.FindEvensOrOdds\04.FindEvensOrOdds.csproj", "{64198C1F-96F7-41AC-947D-2F29AB21C941}"
EndProject
Project("{FAE04EC0-301F-11D3-BF4B-00C04F79EFBC}") = "05.AppliedArithmetics", "05.AppliedArithmetics\05.AppliedArithmetics.csproj", "{0ABC5263-D2EB-4F23-9116-4AC1CD643649}"
EndProject
Project("{FAE04EC0-301F-11D3-BF4B-00C04F79EFBC}") = "06.ReverseAndExclude", "06.ReverseAndExclude\06.ReverseAndExclude.csproj", "{77281394-1A95-47ED-B1F9-40CDCE10244C}"
EndProject
Project("{FAE04EC0-301F-11D3-BF4B-00C04F79EFBC}") = "07.PredicateForNames", "07.PredicateForNames\07.PredicateForNames.csproj", "{7E8C5875-B271-4BB0-956E-2282250EE67E}"
EndProject
Project("{FAE04EC0-301F-11D3-BF4B-00C04F79EFBC}") = "08.CustomComparator", "08.CustomComparator\08.CustomComparator.csproj", "{F14C99DA-355D-45A2-944A-80F4602052D4}"
EndProject
Project("{FAE04EC0-301F-11D3-BF4B-00C04F79EFBC}") = "09.ListOfPredicates", "09.ListOfPredicates\09.ListOfPredicates.csproj", "{33F16DE7-047C-4D9C-A6C8-A6A13D28C7DA}"
EndProject
Project("{FAE04EC0-301F-11D3-BF4B-00C04F79EFBC}") = "10.PredicateParty!", "10.PredicateParty!\10.PredicateParty!.csproj", "{1FE7793B-3FEA-4645-9368-CC21A3BE0F39}"
EndProject
Project("{FAE04EC0-301F-11D3-BF4B-00C04F79EFBC}") = "11.ThePartyReservationFilterModule", "11.ThePartyReservationFilterModule\11.ThePartyReservationFilterModule.csproj", "{A7FECBF0-41B4-4004-B0D2-CBB2240AEC3C}"
EndProject
Project("{FAE04EC0-301F-11D3-BF4B-00C04F79EFBC}") = "12.TriFunction", "12.TriFunction\12.TriFunction.csproj", "{F7EB22C0-C42C-4E4B-8CDF-1CB7CDFDCBCA}"
EndProject
Global
	GlobalSection(SolutionConfigurationPlatforms) = preSolution
		Debug|Any CPU = Debug|Any CPU
		Release|Any CPU = Release|Any CPU
	EndGlobalSection
	GlobalSection(ProjectConfigurationPlatforms) = postSolution
		{FC2E1273-3385-480F-8C64-8DA6CD2720ED}.Debug|Any CPU.ActiveCfg = Debug|Any CPU
		{FC2E1273-3385-480F-8C64-8DA6CD2720ED}.Debug|Any CPU.Build.0 = Debug|Any CPU
		{FC2E1273-3385-480F-8C64-8DA6CD2720ED}.Release|Any CPU.ActiveCfg = Release|Any CPU
		{FC2E1273-3385-480F-8C64-8DA6CD2720ED}.Release|Any CPU.Build.0 = Release|Any CPU
		{98FD81F0-FB9E-4EC8-95CB-28640680ED0B}.Debug|Any CPU.ActiveCfg = Debug|Any CPU
		{98FD81F0-FB9E-4EC8-95CB-28640680ED0B}.Debug|Any CPU.Build.0 = Debug|Any CPU
		{98FD81F0-FB9E-4EC8-95CB-28640680ED0B}.Release|Any CPU.ActiveCfg = Release|Any CPU
		{98FD81F0-FB9E-4EC8-95CB-28640680ED0B}.Release|Any CPU.Build.0 = Release|Any CPU
		{5DFCA7C5-684F-4364-96B9-5530B9B05A2E}.Debug|Any CPU.ActiveCfg = Debug|Any CPU
		{5DFCA7C5-684F-4364-96B9-5530B9B05A2E}.Debug|Any CPU.Build.0 = Debug|Any CPU
		{5DFCA7C5-684F-4364-96B9-5530B9B05A2E}.Release|Any CPU.ActiveCfg = Release|Any CPU
		{5DFCA7C5-684F-4364-96B9-5530B9B05A2E}.Release|Any CPU.Build.0 = Release|Any CPU
		{64198C1F-96F7-41AC-947D-2F29AB21C941}.Debug|Any CPU.ActiveCfg = Debug|Any CPU
		{64198C1F-96F7-41AC-947D-2F29AB21C941}.Debug|Any CPU.Build.0 = Debug|Any CPU
		{64198C1F-96F7-41AC-947D-2F29AB21C941}.Release|Any CPU.ActiveCfg = Release|Any CPU
		{64198C1F-96F7-41AC-947D-2F29AB21C941}.Release|Any CPU.Build.0 = Release|Any CPU
		{0ABC5263-D2EB-4F23-9116-4AC1CD643649}.Debug|Any CPU.ActiveCfg = Debug|Any CPU
		{0ABC5263-D2EB-4F23-9116-4AC1CD643649}.Debug|Any CPU.Build.0 = Debug|Any CPU
		{0ABC5263-D2EB-4F23-9116-4AC1CD643649}.Release|Any CPU.ActiveCfg = Release|Any CPU
		{0ABC5263-D2EB-4F23-9116-4AC1CD643649}.Release|Any CPU.Build.0 = Release|Any CPU
		{77281394-1A95-47ED-B1F9-40CDCE10244C}.Debug|Any CPU.ActiveCfg = Debug|Any CPU
		{77281394-1A95-47ED-B1F9-40CDCE10244C}.Debug|Any CPU.Build.0 = Debug|Any CPU
		{77281394-1A95-47ED-B1F9-40CDCE10244C}.Release|Any CPU.ActiveCfg = Release|Any CPU
		{77281394-1A95-47ED-B1F9-40CDCE10244C}.Release|Any CPU.Build.0 = Release|Any CPU
		{7E8C5875-B271-4BB0-956E-2282250EE67E}.Debug|Any CPU.ActiveCfg = Debug|Any CPU
		{7E8C5875-B271-4BB0-956E-2282250EE67E}.Debug|Any CPU.Build.0 = Debug|Any CPU
		{7E8C5875-B271-4BB0-956E-2282250EE67E}.Release|Any CPU.ActiveCfg = Release|Any CPU
		{7E8C5875-B271-4BB0-956E-2282250EE67E}.Release|Any CPU.Build.0 = Release|Any CPU
		{F14C99DA-355D-45A2-944A-80F4602052D4}.Debug|Any CPU.ActiveCfg = Debug|Any CPU
		{F14C99DA-355D-45A2-944A-80F4602052D4}.Debug|Any CPU.Build.0 = Debug|Any CPU
		{F14C99DA-355D-45A2-944A-80F4602052D4}.Release|Any CPU.ActiveCfg = Release|Any CPU
		{F14C99DA-355D-45A2-944A-80F4602052D4}.Release|Any CPU.Build.0 = Release|Any CPU
		{33F16DE7-047C-4D9C-A6C8-A6A13D28C7DA}.Debug|Any CPU.ActiveCfg = Debug|Any CPU
		{33F16DE7-047C-4D9C-A6C8-A6A13D28C7DA}.Debug|Any CPU.Build.0 = Debug|Any CPU
		{33F16DE7-047C-4D9C-A6C8-A6A13D28C7DA}.Release|Any CPU.ActiveCfg = Release|Any CPU
		{33F16DE7-047C-4D9C-A6C8-A6A13D28C7DA}.Release|Any CPU.Build.0 = Release|Any CPU
		{1FE7793B-3FEA-4645-9368-CC21A3BE0F39}.Debug|Any CPU.ActiveCfg = Debug|Any CPU
		{1FE7793B-3FEA-4645-9368-CC21A3BE0F39}.Debug|Any CPU.Build.0 = Debug|Any CPU
		{1FE7793B-3FEA-4645-9368-CC21A3BE0F39}.Release|Any CPU.ActiveCfg = Release|Any CPU
		{1FE7793B-3FEA-4645-9368-CC21A3BE0F39}.Release|Any CPU.Build.0 = Release|Any CPU
		{A7FECBF0-41B4-4004-B0D2-CBB2240AEC3C}.Debug|Any CPU.ActiveCfg = Debug|Any CPU
		{A7FECBF0-41B4-4004-B0D2-CBB2240AEC3C}.Debug|Any CPU.Build.0 = Debug|Any CPU
		{A7FECBF0-41B4-4004-B0D2-CBB2240AEC3C}.Release|Any CPU.ActiveCfg = Release|Any CPU
		{A7FECBF0-41B4-4004-B0D2-CBB2240AEC3C}.Release|Any CPU.Build.0 = Release|Any CPU
		{F7EB22C0-C42C-4E4B-8CDF-1CB7CDFDCBCA}.Debug|Any CPU.ActiveCfg = Debug|Any CPU
		{F7EB22C0-C42C-4E4B-8CDF-1CB7CDFDCBCA}.Debug|Any CPU.Build.0 = Debug|Any CPU
		{F7EB22C0-C42C-4E4B-8CDF-1CB7CDFDCBCA}.Release|Any CPU.ActiveCfg = Release|Any CPU
		{F7EB22C0-C42C-4E4B-8CDF-1CB7CDFDCBCA}.Release|Any CPU.Build.0 = Release|Any CPU
	EndGlobalSection
	GlobalSection(SolutionProperties) = preSolution
		HideSolutionNode = FALSE
	EndGlobalSection
	GlobalSection(ExtensibilityGlobals) = postSolution
		SolutionGuid = {1A1CAE62-A9BE-4CB4-AA4A-88348E02047E}
	EndGlobalSection
EndGlobal
