
Microsoft Visual Studio Solution File, Format Version 12.00
# Visual Studio Version 16
VisualStudioVersion = 16.0.29409.12
MinimumVisualStudioVersion = 10.0.40219.1
Project("{FAE04EC0-301F-11D3-BF4B-00C04F79EFBC}") = "01.SumMatrixElements", "01.SumMatrixElements\01.SumMatrixElements.csproj", "{990E97CF-11CF-42CB-BC9E-3D694F9136A1}"
EndProject
Project("{FAE04EC0-301F-11D3-BF4B-00C04F79EFBC}") = "02.SumMatrixColumns", "02.SumMatrixColumns\02.SumMatrixColumns.csproj", "{5898D3DF-AA6F-4F96-BBFE-229579BBD9E6}"
EndProject
Project("{FAE04EC0-301F-11D3-BF4B-00C04F79EFBC}") = "03.PrimaryDiagonal", "03.PrimaryDiagonal\03.PrimaryDiagonal.csproj", "{5A1CC148-78CE-49ED-8CC0-6C3E9F3E2AD4}"
EndProject
Project("{FAE04EC0-301F-11D3-BF4B-00C04F79EFBC}") = "04.SymbolInMatrix", "04.SymbolInMatrix\04.SymbolInMatrix.csproj", "{2EA5CB41-0570-476F-B98C-B9AED2104EFD}"
EndProject
Project("{FAE04EC0-301F-11D3-BF4B-00C04F79EFBC}") = "05.SquareWithMaximumSum", "05.SquareWithMaximumSum\05.SquareWithMaximumSum.csproj", "{7E72CBD2-DABA-430F-B161-89E47F8D9DD0}"
EndProject
Project("{FAE04EC0-301F-11D3-BF4B-00C04F79EFBC}") = "06.Jagged-ArrayModification", "06.Jagged-ArrayModification\06.Jagged-ArrayModification.csproj", "{BC9CE68C-0A7D-43FC-893F-E08C89F54663}"
EndProject
Project("{FAE04EC0-301F-11D3-BF4B-00C04F79EFBC}") = "07.PascalTriangle", "07.PascalTriangle\07.PascalTriangle.csproj", "{11838203-4636-48D0-8A13-C2DD84791F17}"
EndProject
Global
	GlobalSection(SolutionConfigurationPlatforms) = preSolution
		Debug|Any CPU = Debug|Any CPU
		Release|Any CPU = Release|Any CPU
	EndGlobalSection
	GlobalSection(ProjectConfigurationPlatforms) = postSolution
		{990E97CF-11CF-42CB-BC9E-3D694F9136A1}.Debug|Any CPU.ActiveCfg = Debug|Any CPU
		{990E97CF-11CF-42CB-BC9E-3D694F9136A1}.Debug|Any CPU.Build.0 = Debug|Any CPU
		{990E97CF-11CF-42CB-BC9E-3D694F9136A1}.Release|Any CPU.ActiveCfg = Release|Any CPU
		{990E97CF-11CF-42CB-BC9E-3D694F9136A1}.Release|Any CPU.Build.0 = Release|Any CPU
		{5898D3DF-AA6F-4F96-BBFE-229579BBD9E6}.Debug|Any CPU.ActiveCfg = Debug|Any CPU
		{5898D3DF-AA6F-4F96-BBFE-229579BBD9E6}.Debug|Any CPU.Build.0 = Debug|Any CPU
		{5898D3DF-AA6F-4F96-BBFE-229579BBD9E6}.Release|Any CPU.ActiveCfg = Release|Any CPU
		{5898D3DF-AA6F-4F96-BBFE-229579BBD9E6}.Release|Any CPU.Build.0 = Release|Any CPU
		{5A1CC148-78CE-49ED-8CC0-6C3E9F3E2AD4}.Debug|Any CPU.ActiveCfg = Debug|Any CPU
		{5A1CC148-78CE-49ED-8CC0-6C3E9F3E2AD4}.Debug|Any CPU.Build.0 = Debug|Any CPU
		{5A1CC148-78CE-49ED-8CC0-6C3E9F3E2AD4}.Release|Any CPU.ActiveCfg = Release|Any CPU
		{5A1CC148-78CE-49ED-8CC0-6C3E9F3E2AD4}.Release|Any CPU.Build.0 = Release|Any CPU
		{2EA5CB41-0570-476F-B98C-B9AED2104EFD}.Debug|Any CPU.ActiveCfg = Debug|Any CPU
		{2EA5CB41-0570-476F-B98C-B9AED2104EFD}.Debug|Any CPU.Build.0 = Debug|Any CPU
		{2EA5CB41-0570-476F-B98C-B9AED2104EFD}.Release|Any CPU.ActiveCfg = Release|Any CPU
		{2EA5CB41-0570-476F-B98C-B9AED2104EFD}.Release|Any CPU.Build.0 = Release|Any CPU
		{7E72CBD2-DABA-430F-B161-89E47F8D9DD0}.Debug|Any CPU.ActiveCfg = Debug|Any CPU
		{7E72CBD2-DABA-430F-B161-89E47F8D9DD0}.Debug|Any CPU.Build.0 = Debug|Any CPU
		{7E72CBD2-DABA-430F-B161-89E47F8D9DD0}.Release|Any CPU.ActiveCfg = Release|Any CPU
		{7E72CBD2-DABA-430F-B161-89E47F8D9DD0}.Release|Any CPU.Build.0 = Release|Any CPU
		{BC9CE68C-0A7D-43FC-893F-E08C89F54663}.Debug|Any CPU.ActiveCfg = Debug|Any CPU
		{BC9CE68C-0A7D-43FC-893F-E08C89F54663}.Debug|Any CPU.Build.0 = Debug|Any CPU
		{BC9CE68C-0A7D-43FC-893F-E08C89F54663}.Release|Any CPU.ActiveCfg = Release|Any CPU
		{BC9CE68C-0A7D-43FC-893F-E08C89F54663}.Release|Any CPU.Build.0 = Release|Any CPU
		{11838203-4636-48D0-8A13-C2DD84791F17}.Debug|Any CPU.ActiveCfg = Debug|Any CPU
		{11838203-4636-48D0-8A13-C2DD84791F17}.Debug|Any CPU.Build.0 = Debug|Any CPU
		{11838203-4636-48D0-8A13-C2DD84791F17}.Release|Any CPU.ActiveCfg = Release|Any CPU
		{11838203-4636-48D0-8A13-C2DD84791F17}.Release|Any CPU.Build.0 = Release|Any CPU
	EndGlobalSection
	GlobalSection(SolutionProperties) = preSolution
		HideSolutionNode = FALSE
	EndGlobalSection
	GlobalSection(ExtensibilityGlobals) = postSolution
		SolutionGuid = {8AFBFB4F-AB03-4E4C-913E-B7F1311CBCDF}
	EndGlobalSection
EndGlobal
