
Microsoft Visual Studio Solution File, Format Version 12.00
# Visual Studio Version 16
VisualStudioVersion = 16.0.29503.13
MinimumVisualStudioVersion = 10.0.40219.1
Project("{9A19103F-16F7-4668-BE54-9A1E7A4F7556}") = "BoxOfT", "01.BoxOfT\BoxOfT.csproj", "{F7824D29-86B9-4F34-AA87-E172D8DAAF45}"
EndProject
Project("{9A19103F-16F7-4668-BE54-9A1E7A4F7556}") = "ArrayCreator", "02.ArrayCreator\ArrayCreator.csproj", "{FB99860B-AECA-40A7-A349-91FAD137F057}"
EndProject
Project("{9A19103F-16F7-4668-BE54-9A1E7A4F7556}") = "GenericScale", "03.GenericScale\GenericScale.csproj", "{AB977E34-4800-427D-AEEE-8E0ADCA77B76}"
EndProject
Global
	GlobalSection(SolutionConfigurationPlatforms) = preSolution
		Debug|Any CPU = Debug|Any CPU
		Release|Any CPU = Release|Any CPU
	EndGlobalSection
	GlobalSection(ProjectConfigurationPlatforms) = postSolution
		{F7824D29-86B9-4F34-AA87-E172D8DAAF45}.Debug|Any CPU.ActiveCfg = Debug|Any CPU
		{F7824D29-86B9-4F34-AA87-E172D8DAAF45}.Debug|Any CPU.Build.0 = Debug|Any CPU
		{F7824D29-86B9-4F34-AA87-E172D8DAAF45}.Release|Any CPU.ActiveCfg = Release|Any CPU
		{F7824D29-86B9-4F34-AA87-E172D8DAAF45}.Release|Any CPU.Build.0 = Release|Any CPU
		{FB99860B-AECA-40A7-A349-91FAD137F057}.Debug|Any CPU.ActiveCfg = Debug|Any CPU
		{FB99860B-AECA-40A7-A349-91FAD137F057}.Debug|Any CPU.Build.0 = Debug|Any CPU
		{FB99860B-AECA-40A7-A349-91FAD137F057}.Release|Any CPU.ActiveCfg = Release|Any CPU
		{FB99860B-AECA-40A7-A349-91FAD137F057}.Release|Any CPU.Build.0 = Release|Any CPU
		{AB977E34-4800-427D-AEEE-8E0ADCA77B76}.Debug|Any CPU.ActiveCfg = Debug|Any CPU
		{AB977E34-4800-427D-AEEE-8E0ADCA77B76}.Debug|Any CPU.Build.0 = Debug|Any CPU
		{AB977E34-4800-427D-AEEE-8E0ADCA77B76}.Release|Any CPU.ActiveCfg = Release|Any CPU
		{AB977E34-4800-427D-AEEE-8E0ADCA77B76}.Release|Any CPU.Build.0 = Release|Any CPU
	EndGlobalSection
	GlobalSection(SolutionProperties) = preSolution
		HideSolutionNode = FALSE
	EndGlobalSection
	GlobalSection(ExtensibilityGlobals) = postSolution
		SolutionGuid = {1106E599-8CAA-4EF3-A8C5-1AE73833125C}
	EndGlobalSection
EndGlobal
