
Microsoft Visual Studio Solution File, Format Version 12.00
# Visual Studio Version 16
VisualStudioVersion = 16.0.29503.13
MinimumVisualStudioVersion = 10.0.40219.1
Project("{FAE04EC0-301F-11D3-BF4B-00C04F79EFBC}") = "BoxOfT", "BoxOfT\BoxOfT.csproj", "{5411741C-2BD2-4C94-855D-DB2F2B840C9A}"
EndProject
Project("{FAE04EC0-301F-11D3-BF4B-00C04F79EFBC}") = "ArrayCreator", "ArrayCreator\ArrayCreator.csproj", "{74993C13-F2F9-4DE5-BDCD-3021AD0E92AB}"
EndProject
Project("{FAE04EC0-301F-11D3-BF4B-00C04F79EFBC}") = "GenericScale", "GenericScale\GenericScale.csproj", "{16CBFD47-8324-4B00-8B3D-21FCAA171D70}"
EndProject
Global
	GlobalSection(SolutionConfigurationPlatforms) = preSolution
		Debug|Any CPU = Debug|Any CPU
		Release|Any CPU = Release|Any CPU
	EndGlobalSection
	GlobalSection(ProjectConfigurationPlatforms) = postSolution
		{5411741C-2BD2-4C94-855D-DB2F2B840C9A}.Debug|Any CPU.ActiveCfg = Debug|Any CPU
		{5411741C-2BD2-4C94-855D-DB2F2B840C9A}.Debug|Any CPU.Build.0 = Debug|Any CPU
		{5411741C-2BD2-4C94-855D-DB2F2B840C9A}.Release|Any CPU.ActiveCfg = Release|Any CPU
		{5411741C-2BD2-4C94-855D-DB2F2B840C9A}.Release|Any CPU.Build.0 = Release|Any CPU
		{74993C13-F2F9-4DE5-BDCD-3021AD0E92AB}.Debug|Any CPU.ActiveCfg = Debug|Any CPU
		{74993C13-F2F9-4DE5-BDCD-3021AD0E92AB}.Debug|Any CPU.Build.0 = Debug|Any CPU
		{74993C13-F2F9-4DE5-BDCD-3021AD0E92AB}.Release|Any CPU.ActiveCfg = Release|Any CPU
		{74993C13-F2F9-4DE5-BDCD-3021AD0E92AB}.Release|Any CPU.Build.0 = Release|Any CPU
		{16CBFD47-8324-4B00-8B3D-21FCAA171D70}.Debug|Any CPU.ActiveCfg = Debug|Any CPU
		{16CBFD47-8324-4B00-8B3D-21FCAA171D70}.Debug|Any CPU.Build.0 = Debug|Any CPU
		{16CBFD47-8324-4B00-8B3D-21FCAA171D70}.Release|Any CPU.ActiveCfg = Release|Any CPU
		{16CBFD47-8324-4B00-8B3D-21FCAA171D70}.Release|Any CPU.Build.0 = Release|Any CPU
	EndGlobalSection
	GlobalSection(SolutionProperties) = preSolution
		HideSolutionNode = FALSE
	EndGlobalSection
	GlobalSection(ExtensibilityGlobals) = postSolution
		SolutionGuid = {1106E599-8CAA-4EF3-A8C5-1AE73833125C}
	EndGlobalSection
EndGlobal
